<?xml version="1.0" encoding="utf-8"?>
<Project ToolsVersion="4.0" xmlns="http://schemas.microsoft.com/developer/msbuild/2003">
  <ItemGroup>
    <Filter Include="Source Files">
      <UniqueIdentifier>{4FC737F1-C7A5-4376-A066-2A32D752A2FF}</UniqueIdentifier>
      <Extensions>cpp;c;cc;cxx;c++;def;odl;idl;hpj;bat;asm;asmx</Extensions>
    </Filter>
    <Filter Include="Header Files">
      <UniqueIdentifier>{93995380-89BD-4b04-88EB-625FBE52EBFB}</UniqueIdentifier>
      <Extensions>h;hh;hpp;hxx;h++;hm;inl;inc;ipp;xsd</Extensions>
    </Filter>
    <Filter Include="Resource Files">
      <UniqueIdentifier>{67DA6AB6-F800-4c08-8B7A-83BB121AAD01}</UniqueIdentifier>
      <Extensions>rc;ico;cur;bmp;dlg;rc2;rct;bin;rgs;gif;jpg;jpeg;jpe;resx;tiff;tif;png;wav;mfcribbon-ms</Extensions>
    </Filter>
    <Filter Include="Header Files\Detours">
      <UniqueIdentifier>{44cbc5a6-661a-404c-a807-54d96d8dcb4a}</UniqueIdentifier>
    </Filter>
    <Filter Include="Header Files\Patternscanning">
      <UniqueIdentifier>{15a2eca0-4fb0-4bfe-96e4-50373b481d77}</UniqueIdentifier>
    </Filter>
    <Filter Include="Source Files\SDK">
      <UniqueIdentifier>{fbc3238c-5470-4b38-bf7e-9a4e1c65c656}</UniqueIdentifier>
    </Filter>
    <Filter Include="Source Files\Hooks">
      <UniqueIdentifier>{e8ee844f-ad4b-4868-8d5b-6db753e88153}</UniqueIdentifier>
    </Filter>
    <Filter Include="Source Files\Interfaces">
      <UniqueIdentifier>{a228ea62-2a14-44ad-8dc5-febe1fd2a966}</UniqueIdentifier>
    </Filter>
    <Filter Include="Source Files\Menu">
      <UniqueIdentifier>{633f677c-5c44-4c33-98b0-2f41636393bb}</UniqueIdentifier>
    </Filter>
    <Filter Include="Source Files\SDK\Utils">
      <UniqueIdentifier>{269c5ac1-8f44-4b4e-b546-cc67e588f696}</UniqueIdentifier>
    </Filter>
  </ItemGroup>
  <ItemGroup>
    <ClCompile Include="dllmain.cpp">
      <Filter>Source Files</Filter>
    </ClCompile>
    <ClCompile Include="Hooks.cpp">
      <Filter>Source Files\Hooks</Filter>
    </ClCompile>
    <ClCompile Include="Interface.cpp">
      <Filter>Source Files\Interfaces</Filter>
    </ClCompile>
    <ClCompile Include="Features.cpp">
      <Filter>Header Files</Filter>
    </ClCompile>
    <ClCompile Include="Rendering.cpp">
      <Filter>Header Files\Patternscanning</Filter>
    </ClCompile>
    <ClCompile Include="Menu.cpp">
      <Filter>Source Files\Menu</Filter>
    </ClCompile>
    <ClCompile Include="vector3d.cpp">
      <Filter>Source Files\SDK</Filter>
    </ClCompile>
    <ClCompile Include="ViewMatrix.cpp">
      <Filter>Source Files\SDK\Utils</Filter>
    </ClCompile>
    <ClCompile Include="Netvars.cpp">
      <Filter>Source Files\SDK\Utils</Filter>
    </ClCompile>
    <ClCompile Include="Backtrack.cpp">
      <Filter>Header Files</Filter>
    </ClCompile>
  </ItemGroup>
  <ItemGroup>
    <ClInclude Include="Offsets.h">
      <Filter>Header Files</Filter>
    </ClInclude>
    <ClInclude Include="Math.h">
      <Filter>Header Files</Filter>
    </ClInclude>
    <ClInclude Include="Features.h">
      <Filter>Header Files</Filter>
    </ClInclude>
    <ClInclude Include="detours.h">
      <Filter>Header Files\Detours</Filter>
    </ClInclude>
    <ClInclude Include="Patternscanning.h">
      <Filter>Header Files\Patternscanning</Filter>
    </ClInclude>
    <ClInclude Include="Globals.h">
      <Filter>Header Files</Filter>
    </ClInclude>
    <ClInclude Include="Rendering.h">
      <Filter>Header Files</Filter>
    </ClInclude>
    <ClInclude Include="iClientEntityList.hpp">
      <Filter>Source Files\SDK</Filter>
    </ClInclude>
    <ClInclude Include="IBaseClientDLL.hpp">
      <Filter>Source Files\SDK</Filter>
    </ClInclude>
    <ClInclude Include="ClientClass.hpp">
      <Filter>Source Files\SDK</Filter>
    </ClInclude>
    <ClInclude Include="recv_props.hpp">
      <Filter>Source Files\SDK</Filter>
    </ClInclude>
    <ClInclude Include="studio.hpp">
      <Filter>Source Files\SDK</Filter>
    </ClInclude>
    <ClInclude Include="vector3d.hpp">
      <Filter>Source Files\SDK</Filter>
    </ClInclude>
    <ClInclude Include="models.hpp">
      <Filter>Source Files\SDK</Filter>
    </ClInclude>
    <ClInclude Include="ModelInfo.hpp">
      <Filter>Source Files\SDK</Filter>
    </ClInclude>
    <ClInclude Include="IAppSystem.hpp">
      <Filter>Source Files\SDK</Filter>
    </ClInclude>
    <ClInclude Include="IConsole.hpp">
      <Filter>Source Files\SDK</Filter>
    </ClInclude>
    <ClInclude Include="Convar.hpp">
      <Filter>Source Files\SDK</Filter>
    </ClInclude>
    <ClInclude Include="Color.hpp">
      <Filter>Source Files\SDK</Filter>
    </ClInclude>
    <ClInclude Include="Hooks.h">
      <Filter>Source Files\Hooks</Filter>
    </ClInclude>
    <ClInclude Include="Interface.h">
      <Filter>Source Files\Interfaces</Filter>
    </ClInclude>
    <ClInclude Include="Menu.h">
      <Filter>Source Files\Menu</Filter>
    </ClInclude>
    <ClInclude Include="CUserCMD.hpp">
      <Filter>Source Files\SDK</Filter>
    </ClInclude>
    <ClInclude Include="IVEngineClient.hpp">
      <Filter>Source Files\SDK</Filter>
    </ClInclude>
    <ClInclude Include="ViewMatrix.hpp">
      <Filter>Source Files\SDK\Utils</Filter>
    </ClInclude>
    <ClInclude Include="NetChannel.hpp">
      <Filter>Source Files\SDK\Utils</Filter>
    </ClInclude>
    <ClInclude Include="Utils.hpp">
      <Filter>Source Files\SDK\Utils</Filter>
    </ClInclude>
    <ClInclude Include="Entity.hpp">
      <Filter>Header Files</Filter>
    </ClInclude>
    <ClInclude Include="Netvars.hpp">
      <Filter>Source Files\SDK\Utils</Filter>
    </ClInclude>
    <ClInclude Include="FNV.hpp">
      <Filter>Source Files\SDK\Utils</Filter>
    </ClInclude>
    <ClInclude Include="Backtrack.h">
      <Filter>Header Files</Filter>
    </ClInclude>
    <ClInclude Include="GlobalVarsBase.hpp">
      <Filter>Source Files\SDK</Filter>
    </ClInclude>
    <ClInclude Include="ModelRender.hpp">
      <Filter>Source Files\SDK</Filter>
    </ClInclude>
    <ClInclude Include="GlowManager.hpp">
      <Filter>Source Files\SDK</Filter>
    </ClInclude>
    <ClInclude Include="IClientState.hpp">
      <Filter>Source Files\SDK</Filter>
    </ClInclude>
  </ItemGroup>
  <ItemGroup>
    <Library Include="detours.lib">
      <Filter>Header Files\Detours</Filter>
    </Library>
  </ItemGroup>
</Project>